
Microsoft Visual Studio Solution File, Format Version 12.00
# Visual Studio 15
VisualStudioVersion = 15.0.27428.2043
MinimumVisualStudioVersion = 10.0.40219.1
Project("{FAE04EC0-301F-11D3-BF4B-00C04F79EFBC}") = "SelfJournal", "SelfJournal\SelfJournal.csproj", "{F08AE8B3-151F-41B8-AD8B-79CECCA0723D}"
EndProject
Global
	GlobalSection(SolutionConfigurationPlatforms) = preSolution
		Debug|Any CPU = Debug|Any CPU
		Release|Any CPU = Release|Any CPU
	EndGlobalSection
	GlobalSection(ProjectConfigurationPlatforms) = postSolution
		{F08AE8B3-151F-41B8-AD8B-79CECCA0723D}.Debug|Any CPU.ActiveCfg = Debug|Any CPU
		{F08AE8B3-151F-41B8-AD8B-79CECCA0723D}.Debug|Any CPU.Build.0 = Debug|Any CPU
		{F08AE8B3-151F-41B8-AD8B-79CECCA0723D}.Debug|Any CPU.Deploy.0 = Debug|Any CPU
		{F08AE8B3-151F-41B8-AD8B-79CECCA0723D}.Release|Any CPU.ActiveCfg = Release|Any CPU
		{F08AE8B3-151F-41B8-AD8B-79CECCA0723D}.Release|Any CPU.Build.0 = Release|Any CPU
		{F08AE8B3-151F-41B8-AD8B-79CECCA0723D}.Release|Any CPU.Deploy.0 = Release|Any CPU
	EndGlobalSection
	GlobalSection(SolutionProperties) = preSolution
		HideSolutionNode = FALSE
	EndGlobalSection
	GlobalSection(ExtensibilityGlobals) = postSolution
		SolutionGuid = {5A8872F8-8F27-4628-893B-2B498D4E867F}
	EndGlobalSection
EndGlobal
